
Microsoft Visual Studio Solution File, Format Version 12.00
# Visual Studio Version 17
VisualStudioVersion = 17.9.34701.34
MinimumVisualStudioVersion = 10.0.40219.1
Project("{8BC9CEB8-8B4A-11D0-8D11-00A0C91BC942}") = "runluau", "runluau.vcxproj", "{D7591125-454C-4070-AC27-76CE2BB891C8}"
	ProjectSection(ProjectDependencies) = postProject
		{A71BEF97-5F84-479D-B9B0-480A00ABD88A} = {A71BEF97-5F84-479D-B9B0-480A00ABD88A}
		{CFD23E11-C781-465D-AC4D-8BCED22EA582} = {CFD23E11-C781-465D-AC4D-8BCED22EA582}
	EndProjectSection
EndProject
Project("{8BC9CEB8-8B4A-11D0-8D11-00A0C91BC942}") = "luau-dynamic", "luau-dynamic\luau-dynamic.vcxproj", "{A71BEF97-5F84-479D-B9B0-480A00ABD88A}"
EndProject
Project("{8BC9CEB8-8B4A-11D0-8D11-00A0C91BC942}") = "runluau-build-template", "runluau-build-template\runluau-build-template.vcxproj", "{CFD23E11-C781-465D-AC4D-8BCED22EA582}"
	ProjectSection(ProjectDependencies) = postProject
		{A71BEF97-5F84-479D-B9B0-480A00ABD88A} = {A71BEF97-5F84-479D-B9B0-480A00ABD88A}
	EndProjectSection
EndProject
Project("{2150E333-8FDC-42A3-9474-1A3956D46DE8}") = "external", "external", "{3AC5F91C-EF7F-4660-9893-1E8F08703742}"
	ProjectSection(SolutionItems) = preProject
		external\env.d.luau = external\env.d.luau
	EndProjectSection
EndProject
Project("{8BC9CEB8-8B4A-11D0-8D11-00A0C91BC942}") = "shared", "shared\shared.vcxproj", "{D05D695C-6B27-4F52-AC4F-4103509A0943}"
EndProject
Global
	GlobalSection(SolutionConfigurationPlatforms) = preSolution
		Debug|x64 = Debug|x64
		Debug|x86 = Debug|x86
		Release|x64 = Release|x64
		Release|x86 = Release|x86
	EndGlobalSection
	GlobalSection(ProjectConfigurationPlatforms) = postSolution
		{D7591125-454C-4070-AC27-76CE2BB891C8}.Debug|x64.ActiveCfg = Debug|x64
		{D7591125-454C-4070-AC27-76CE2BB891C8}.Debug|x64.Build.0 = Debug|x64
		{D7591125-454C-4070-AC27-76CE2BB891C8}.Debug|x86.ActiveCfg = Debug|Win32
		{D7591125-454C-4070-AC27-76CE2BB891C8}.Debug|x86.Build.0 = Debug|Win32
		{D7591125-454C-4070-AC27-76CE2BB891C8}.Release|x64.ActiveCfg = Release|x64
		{D7591125-454C-4070-AC27-76CE2BB891C8}.Release|x64.Build.0 = Release|x64
		{D7591125-454C-4070-AC27-76CE2BB891C8}.Release|x86.ActiveCfg = Release|Win32
		{D7591125-454C-4070-AC27-76CE2BB891C8}.Release|x86.Build.0 = Release|Win32
		{A71BEF97-5F84-479D-B9B0-480A00ABD88A}.Debug|x64.ActiveCfg = Debug|x64
		{A71BEF97-5F84-479D-B9B0-480A00ABD88A}.Debug|x64.Build.0 = Debug|x64
		{A71BEF97-5F84-479D-B9B0-480A00ABD88A}.Debug|x86.ActiveCfg = Debug|Win32
		{A71BEF97-5F84-479D-B9B0-480A00ABD88A}.Debug|x86.Build.0 = Debug|Win32
		{A71BEF97-5F84-479D-B9B0-480A00ABD88A}.Release|x64.ActiveCfg = Release|x64
		{A71BEF97-5F84-479D-B9B0-480A00ABD88A}.Release|x64.Build.0 = Release|x64
		{A71BEF97-5F84-479D-B9B0-480A00ABD88A}.Release|x86.ActiveCfg = Release|Win32
		{A71BEF97-5F84-479D-B9B0-480A00ABD88A}.Release|x86.Build.0 = Release|Win32
		{CFD23E11-C781-465D-AC4D-8BCED22EA582}.Debug|x64.ActiveCfg = Debug|x64
		{CFD23E11-C781-465D-AC4D-8BCED22EA582}.Debug|x64.Build.0 = Debug|x64
		{CFD23E11-C781-465D-AC4D-8BCED22EA582}.Debug|x86.ActiveCfg = Debug|Win32
		{CFD23E11-C781-465D-AC4D-8BCED22EA582}.Debug|x86.Build.0 = Debug|Win32
		{CFD23E11-C781-465D-AC4D-8BCED22EA582}.Release|x64.ActiveCfg = Release|x64
		{CFD23E11-C781-465D-AC4D-8BCED22EA582}.Release|x64.Build.0 = Release|x64
		{CFD23E11-C781-465D-AC4D-8BCED22EA582}.Release|x86.ActiveCfg = Release|Win32
		{CFD23E11-C781-465D-AC4D-8BCED22EA582}.Release|x86.Build.0 = Release|Win32
		{D05D695C-6B27-4F52-AC4F-4103509A0943}.Debug|x64.ActiveCfg = Debug|x64
		{D05D695C-6B27-4F52-AC4F-4103509A0943}.Debug|x64.Build.0 = Debug|x64
		{D05D695C-6B27-4F52-AC4F-4103509A0943}.Debug|x86.ActiveCfg = Debug|Win32
		{D05D695C-6B27-4F52-AC4F-4103509A0943}.Debug|x86.Build.0 = Debug|Win32
		{D05D695C-6B27-4F52-AC4F-4103509A0943}.Release|x64.ActiveCfg = Release|x64
		{D05D695C-6B27-4F52-AC4F-4103509A0943}.Release|x86.ActiveCfg = Release|Win32
		{D05D695C-6B27-4F52-AC4F-4103509A0943}.Release|x86.Build.0 = Release|Win32
	EndGlobalSection
	GlobalSection(SolutionProperties) = preSolution
		HideSolutionNode = FALSE
	EndGlobalSection
	GlobalSection(ExtensibilityGlobals) = postSolution
		SolutionGuid = {94D12D04-AD25-402E-8286-A34E3E1244C9}
	EndGlobalSection
EndGlobal
